
Microsoft Visual Studio Solution File, Format Version 12.00
# Visual Studio Version 17
VisualStudioVersion = 17.8.34525.116
MinimumVisualStudioVersion = 10.0.40219.1
Project("{FAE04EC0-301F-11D3-BF4B-00C04F79EFBC}") = "webMusikAPI", "webMusikAPI.csproj", "{5A0C2239-B387-4782-84EA-8C28A518089B}"
EndProject
Global
	GlobalSection(SolutionConfigurationPlatforms) = preSolution
		Debug|Any CPU = Debug|Any CPU
		Release|Any CPU = Release|Any CPU
	EndGlobalSection
	GlobalSection(ProjectConfigurationPlatforms) = postSolution
		{5A0C2239-B387-4782-84EA-8C28A518089B}.Debug|Any CPU.ActiveCfg = Debug|Any CPU
		{5A0C2239-B387-4782-84EA-8C28A518089B}.Debug|Any CPU.Build.0 = Debug|Any CPU
		{5A0C2239-B387-4782-84EA-8C28A518089B}.Release|Any CPU.ActiveCfg = Release|Any CPU
		{5A0C2239-B387-4782-84EA-8C28A518089B}.Release|Any CPU.Build.0 = Release|Any CPU
	EndGlobalSection
	GlobalSection(SolutionProperties) = preSolution
		HideSolutionNode = FALSE
	EndGlobalSection
	GlobalSection(ExtensibilityGlobals) = postSolution
		SolutionGuid = {98EF1E34-455A-4545-AE54-7D66F8F09404}
	EndGlobalSection
EndGlobal
